
Microsoft Visual Studio Solution File, Format Version 12.00
# Visual Studio 15
VisualStudioVersion = 15.0.28307.902
MinimumVisualStudioVersion = 10.0.40219.1
Project("{F184B08F-C81C-45F6-A57F-5ABD9991F28F}") = "OPAC1", "OPAC1\OPAC1.vbproj", "{99700C63-3052-4A01-B6EC-66B3D473D500}"
EndProject
Global
	GlobalSection(SolutionConfigurationPlatforms) = preSolution
		Debug|Any CPU = Debug|Any CPU
		Release|Any CPU = Release|Any CPU
	EndGlobalSection
	GlobalSection(ProjectConfigurationPlatforms) = postSolution
		{99700C63-3052-4A01-B6EC-66B3D473D500}.Debug|Any CPU.ActiveCfg = Debug|Any CPU
		{99700C63-3052-4A01-B6EC-66B3D473D500}.Debug|Any CPU.Build.0 = Debug|Any CPU
		{99700C63-3052-4A01-B6EC-66B3D473D500}.Release|Any CPU.ActiveCfg = Release|Any CPU
		{99700C63-3052-4A01-B6EC-66B3D473D500}.Release|Any CPU.Build.0 = Release|Any CPU
	EndGlobalSection
	GlobalSection(SolutionProperties) = preSolution
		HideSolutionNode = FALSE
	EndGlobalSection
	GlobalSection(ExtensibilityGlobals) = postSolution
		SolutionGuid = {E30FE91F-0BD7-4AE0-BD52-351A499E2E74}
	EndGlobalSection
EndGlobal
